# This file is autogenerated, do not edit; changes may be undone by the next 'dep ensure'.


[[projects]]
  branch = "master"
  name = "github.com/alexflint/go-arg"
  packages = ["."]
  revision = "0cc8e30fd64c8c71d094be299ad424da93ef9aed"

[[projects]]
  branch = "master"
  name = "github.com/alexflint/go-scalar"
  packages = ["."]
  revision = "e80c3b7ed292b052c7083b6fd7154a8422c33f65"

[[projects]]
  branch = "master"
  name = "github.com/jamlib/libaudio"
  packages = [
    "ffmpeg",
    "fsutil"
  ]
  revision = "241460a81e5e2b18838ddad0d13c11cba4599dc6"

[solve-meta]
  analyzer-name = "dep"
  analyzer-version = 1
  inputs-digest = "ccf7337c5f827012ac085e8089ad4a67365a7cb7c862df0a52cca1bad8990f3b"
  solver-name = "gps-cdcl"
  solver-version = 1
